
Microsoft Visual Studio Solution File, Format Version 12.00
# Visual Studio 14
VisualStudioVersion = 14.0.23107.0
MinimumVisualStudioVersion = 10.0.40219.1
Project("{2150E333-8FDC-42A3-9474-1A3956D46DE8}") = "Common", "Common", "{8DA86378-D5D3-47A3-B946-2C359A80B146}"
EndProject
Project("{FAE04EC0-301F-11D3-BF4B-00C04F79EFBC}") = "SqlDataProvider", "Common\SqlDataProvider\SqlDataProvider.csproj", "{C4267EBB-742F-4698-833E-4B743CAAD015}"
EndProject
Project("{2150E333-8FDC-42A3-9474-1A3956D46DE8}") = "lsj.util", "lsj.util", "{3B818B04-7D9E-48FF-B226-EC45BA968C4E}"
EndProject
Project("{FAE04EC0-301F-11D3-BF4B-00C04F79EFBC}") = "Lsj.Util", "..\lsjutil\lsj.util\Lsj.Util.csproj", "{B0EBCB56-0AE1-4E59-B5E6-7CD17D4764C2}"
EndProject
Project("{FAE04EC0-301F-11D3-BF4B-00C04F79EFBC}") = "Lsj.Util.HtmlBuilder", "..\lsjutil\Lsj.Util.HtmlBuilder\Lsj.Util.HtmlBuilder.csproj", "{FF55DB4B-9A84-42FD-8DBF-B3FBC4AFF9FF}"
EndProject
Project("{8BC9CEB8-8B4A-11D0-8D11-00A0C91BC942}") = "Lsj.Util.Native", "..\lsjutil\Lsj.Util.Native\Lsj.Util.Native.vcxproj", "{9C7A6205-33D6-4A0A-85FE-459556AFF800}"
EndProject
Project("{FAE04EC0-301F-11D3-BF4B-00C04F79EFBC}") = "Lsj.Util.Net.Web", "..\lsjutil\Lsj.Util.Net.Web\Lsj.Util.Net.Web.csproj", "{35FA4756-1CFD-40F8-A324-D620AB422590}"
EndProject
Project("{FAE04EC0-301F-11D3-BF4B-00C04F79EFBC}") = "Bussiness", "Common\Bussiness\Bussiness.csproj", "{AC36126F-BF61-4775-9FF6-C411C9DC902B}"
EndProject
Project("{2150E333-8FDC-42A3-9474-1A3956D46DE8}") = "NVecolity", "NVecolity", "{1E9A49DE-B218-4575-B2B5-5496DE4A2FC8}"
	ProjectSection(SolutionItems) = preProject
		Center.Server\Center.Server\ChargeMgr.cs = Center.Server\Center.Server\ChargeMgr.cs
	EndProjectSection
EndProject
Project("{FAE04EC0-301F-11D3-BF4B-00C04F79EFBC}") = "NVelocity", "..\NVelocity\NVelocity\NVelocity.csproj", "{FB70A974-BF61-4640-93EE-27BD88DC57B8}"
EndProject
Project("{FAE04EC0-301F-11D3-BF4B-00C04F79EFBC}") = "NVelocityTemplateEngine", "..\NVelocity\NVelocityTemplateEngine\NVelocityTemplateEngine.csproj", "{37CE504D-055A-4C15-9C08-A3F477D1C44B}"
EndProject
Project("{2150E333-8FDC-42A3-9474-1A3956D46DE8}") = "Launcher", "Launcher", "{EB519A07-36E4-4699-A0EC-5E3EC43CDF24}"
EndProject
Project("{FAE04EC0-301F-11D3-BF4B-00C04F79EFBC}") = "DDTLaucher", "Launcher\DDTLaucher\DDTLaucher.csproj", "{A0D5E60B-58D3-4207-8A08-6C3A5B59A7F1}"
EndProject
Project("{FAE04EC0-301F-11D3-BF4B-00C04F79EFBC}") = "Game.Base", "Common\Game.Base\Game.Base.csproj", "{CECA9C66-CA0B-4565-8CFF-5343F6878BBD}"
EndProject
Project("{2150E333-8FDC-42A3-9474-1A3956D46DE8}") = "Web", "Web", "{19674660-15FB-47BD-BBE9-B676EE92D543}"
EndProject
Project("{FAE04EC0-301F-11D3-BF4B-00C04F79EFBC}") = "Game.Language", "Common\Game.Language\Game.Language.csproj", "{86DFB123-9E12-4351-9A61-C738C11C1C7E}"
EndProject
Project("{FAE04EC0-301F-11D3-BF4B-00C04F79EFBC}") = "Lsj.Util.Net", "..\lsjutil\Lsj.Util.Net\Lsj.Util.Net.csproj", "{3089C6C9-7687-4CB1-B86E-5045CEEF17F9}"
EndProject
Project("{2150E333-8FDC-42A3-9474-1A3956D46DE8}") = "Center", "Center", "{3F80AA75-1F59-41AB-B151-1C32733ECC90}"
EndProject
Project("{FAE04EC0-301F-11D3-BF4B-00C04F79EFBC}") = "Center.Server", "Center.Server\Center.Server.csproj", "{5EA5980B-80C2-4BFC-A014-AD9B63199BDA}"
EndProject
Project("{8BC9CEB8-8B4A-11D0-8D11-00A0C91BC942}") = "Center", "Center\Center.vcxproj", "{7583FB20-07E4-43C9-82BC-0366C5A98727}"
EndProject
Project("{2150E333-8FDC-42A3-9474-1A3956D46DE8}") = "Fight", "Fight", "{A3B2493C-84C0-4E00-93A8-34DC79409E27}"
EndProject
Project("{8BC9CEB8-8B4A-11D0-8D11-00A0C91BC942}") = "Fight", "Fight\Fight.vcxproj", "{988A6BE0-3A9F-4D49-882F-27F8CC46CC5F}"
EndProject
Project("{FAE04EC0-301F-11D3-BF4B-00C04F79EFBC}") = "Fighting.Server", "Fighting.Server\Fighting.Server.csproj", "{A1DDBDF6-B2D5-4875-94FC-7138C39424DA}"
EndProject
Project("{FAE04EC0-301F-11D3-BF4B-00C04F79EFBC}") = "Game.Logic", "Common\Game.Logic\Game.Logic.csproj", "{0B216B04-55C0-412E-8987-FA8FBD525110}"
EndProject
Project("{2150E333-8FDC-42A3-9474-1A3956D46DE8}") = "Game", "Game", "{24F05084-9483-4057-9247-848975E9F004}"
EndProject
Project("{8BC9CEB8-8B4A-11D0-8D11-00A0C91BC942}") = "Game", "Game\Game.vcxproj", "{29B865D1-AF61-46F6-B0A2-8DFB1ECD6EE4}"
EndProject
Project("{FAE04EC0-301F-11D3-BF4B-00C04F79EFBC}") = "Game.Server", "Game.Server\Game.Server.csproj", "{C4BFFBC1-D64E-42D8-A848-BDA617A8D413}"
EndProject
Project("{8BC9CEB8-8B4A-11D0-8D11-00A0C91BC942}") = "Web", "Web\Web.vcxproj", "{D8CD194F-510D-4D46-A019-E49B5C969BF3}"
EndProject
Project("{FAE04EC0-301F-11D3-BF4B-00C04F79EFBC}") = "Web.Server", "Web.Server\Web.Server.csproj", "{510B8EB1-FADE-4E77-9EB6-C729EC9886CD}"
EndProject
Project("{2150E333-8FDC-42A3-9474-1A3956D46DE8}") = "Cross", "Cross", "{D662A08E-C95E-4531-9A81-5B154552113C}"
EndProject
Project("{2150E333-8FDC-42A3-9474-1A3956D46DE8}") = "Extra", "Extra", "{F409BE46-9616-4C1E-8303-195593D0DEDB}"
EndProject
Project("{FAE04EC0-301F-11D3-BF4B-00C04F79EFBC}") = "DDTTools", "extra\DDTTools\DDTTools.csproj", "{CF00EF17-35E6-46B9-A2BF-B1283FDFA6E7}"
EndProject
Project("{FAE04EC0-301F-11D3-BF4B-00C04F79EFBC}") = "Cross", "Cross\Cross.csproj", "{AAAC8731-5986-494A-AE3F-4C58566EBEA6}"
EndProject
Project("{E24C65DC-7377-472B-9ABA-BC803B73C61A}") = "NewWeb", "..\NewWeb\", "{004FBF10-0F32-4C2B-87F4-C7FEEDBC7461}"
	ProjectSection(WebsiteProperties) = preProject
		TargetFrameworkMoniker = ".NETFramework,Version%3Dv4.0"
		ProjectReferences = "{b0ebcb56-0ae1-4e59-b5e6-7cd17d4764c2}|Lsj.Util.dll;{9C7A6205-33D6-4A0A-85FE-459556AFF800}|Lsj.Util.Native.dll;{c4267ebb-742f-4698-833e-4b743caad015}|SqlDataProvider.dll;{ac36126f-bf61-4775-9ff6-c411c9dc902b}|Bussiness.dll;{86DFB123-9E12-4351-9A61-C738C11C1C7E}|Game.Language.dll;{fb70a974-bf61-4640-93ee-27bd88dc57b8}|NVelocity.dll;{37ce504d-055a-4c15-9c08-a3f477d1c44b}|NVelocityTemplateEngine.dll;"
		Debug.AspNetCompiler.VirtualPath = "/localhost_11011"
		Debug.AspNetCompiler.PhysicalPath = "..\NewWeb\"
		Debug.AspNetCompiler.TargetPath = "PrecompiledWeb\localhost_11011\"
		Debug.AspNetCompiler.Updateable = "true"
		Debug.AspNetCompiler.ForceOverwrite = "true"
		Debug.AspNetCompiler.FixedNames = "false"
		Debug.AspNetCompiler.Debug = "True"
		Release.AspNetCompiler.VirtualPath = "/localhost_11011"
		Release.AspNetCompiler.PhysicalPath = "..\NewWeb\"
		Release.AspNetCompiler.TargetPath = "PrecompiledWeb\localhost_11011\"
		Release.AspNetCompiler.Updateable = "true"
		Release.AspNetCompiler.ForceOverwrite = "true"
		Release.AspNetCompiler.FixedNames = "false"
		Release.AspNetCompiler.Debug = "False"
		VWDPort = "11011"
		SlnRelativePath = "..\NewWeb\"
	EndProjectSection
EndProject
Project("{FAE04EC0-301F-11D3-BF4B-00C04F79EFBC}") = "CrossFight", "CrossFight\CrossFight.csproj", "{0F731806-8293-490C-A6C2-EE843593995C}"
EndProject
Project("{E24C65DC-7377-472B-9ABA-BC803B73C61A}") = "MainWeb", "..\MainWeb\", "{5C26170B-EB96-48C0-B368-4CF8A8C3C03B}"
	ProjectSection(WebsiteProperties) = preProject
		TargetFrameworkMoniker = ".NETFramework,Version%3Dv4.0"
		ProjectReferences = "{b0ebcb56-0ae1-4e59-b5e6-7cd17d4764c2}|Lsj.Util.dll;{9C7A6205-33D6-4A0A-85FE-459556AFF800}|Lsj.Util.Native.dll;{fb70a974-bf61-4640-93ee-27bd88dc57b8}|NVelocity.dll;{37ce504d-055a-4c15-9c08-a3f477d1c44b}|NVelocityTemplateEngine.dll;{c4267ebb-742f-4698-833e-4b743caad015}|SqlDataProvider.dll;{ac36126f-bf61-4775-9ff6-c411c9dc902b}|Bussiness.dll;{86DFB123-9E12-4351-9A61-C738C11C1C7E}|Game.Language.dll;"
		Debug.AspNetCompiler.VirtualPath = "/localhost_12130"
		Debug.AspNetCompiler.PhysicalPath = "..\MainWeb\"
		Debug.AspNetCompiler.TargetPath = "PrecompiledWeb\localhost_12130\"
		Debug.AspNetCompiler.Updateable = "true"
		Debug.AspNetCompiler.ForceOverwrite = "true"
		Debug.AspNetCompiler.FixedNames = "false"
		Debug.AspNetCompiler.Debug = "True"
		Release.AspNetCompiler.VirtualPath = "/localhost_12130"
		Release.AspNetCompiler.PhysicalPath = "..\MainWeb\"
		Release.AspNetCompiler.TargetPath = "PrecompiledWeb\localhost_12130\"
		Release.AspNetCompiler.Updateable = "true"
		Release.AspNetCompiler.ForceOverwrite = "true"
		Release.AspNetCompiler.FixedNames = "false"
		Release.AspNetCompiler.Debug = "False"
		VWDPort = "12130"
		SlnRelativePath = "..\MainWeb\"
		DefaultWebSiteLanguage = "Visual C#"
	EndProjectSection
EndProject
Project("{FAE04EC0-301F-11D3-BF4B-00C04F79EFBC}") = "ServerCombiner", "ServerCombiner\ServerCombiner.csproj", "{57A1311F-50EF-4161-A3AE-8D3E6DB0D688}"
EndProject
Global
	GlobalSection(SolutionConfigurationPlatforms) = preSolution
		Debug|x64 = Debug|x64
		Release|x64 = Release|x64
	EndGlobalSection
	GlobalSection(ProjectConfigurationPlatforms) = postSolution
		{C4267EBB-742F-4698-833E-4B743CAAD015}.Debug|x64.ActiveCfg = Debug|x64
		{C4267EBB-742F-4698-833E-4B743CAAD015}.Debug|x64.Build.0 = Debug|x64
		{C4267EBB-742F-4698-833E-4B743CAAD015}.Release|x64.ActiveCfg = Release|x64
		{C4267EBB-742F-4698-833E-4B743CAAD015}.Release|x64.Build.0 = Release|x64
		{B0EBCB56-0AE1-4E59-B5E6-7CD17D4764C2}.Debug|x64.ActiveCfg = Debug|x64
		{B0EBCB56-0AE1-4E59-B5E6-7CD17D4764C2}.Debug|x64.Build.0 = Debug|x64
		{B0EBCB56-0AE1-4E59-B5E6-7CD17D4764C2}.Release|x64.ActiveCfg = Release|x64
		{B0EBCB56-0AE1-4E59-B5E6-7CD17D4764C2}.Release|x64.Build.0 = Release|x64
		{FF55DB4B-9A84-42FD-8DBF-B3FBC4AFF9FF}.Debug|x64.ActiveCfg = Debug|x64
		{FF55DB4B-9A84-42FD-8DBF-B3FBC4AFF9FF}.Debug|x64.Build.0 = Debug|x64
		{FF55DB4B-9A84-42FD-8DBF-B3FBC4AFF9FF}.Release|x64.ActiveCfg = Release|x64
		{FF55DB4B-9A84-42FD-8DBF-B3FBC4AFF9FF}.Release|x64.Build.0 = Release|x64
		{9C7A6205-33D6-4A0A-85FE-459556AFF800}.Debug|x64.ActiveCfg = Debug|x64
		{9C7A6205-33D6-4A0A-85FE-459556AFF800}.Debug|x64.Build.0 = Debug|x64
		{9C7A6205-33D6-4A0A-85FE-459556AFF800}.Release|x64.ActiveCfg = Release|x64
		{9C7A6205-33D6-4A0A-85FE-459556AFF800}.Release|x64.Build.0 = Release|x64
		{35FA4756-1CFD-40F8-A324-D620AB422590}.Debug|x64.ActiveCfg = Debug|x64
		{35FA4756-1CFD-40F8-A324-D620AB422590}.Debug|x64.Build.0 = Debug|x64
		{35FA4756-1CFD-40F8-A324-D620AB422590}.Release|x64.ActiveCfg = Release|x64
		{35FA4756-1CFD-40F8-A324-D620AB422590}.Release|x64.Build.0 = Release|x64
		{AC36126F-BF61-4775-9FF6-C411C9DC902B}.Debug|x64.ActiveCfg = Debug|x64
		{AC36126F-BF61-4775-9FF6-C411C9DC902B}.Debug|x64.Build.0 = Debug|x64
		{AC36126F-BF61-4775-9FF6-C411C9DC902B}.Release|x64.ActiveCfg = Release|x64
		{AC36126F-BF61-4775-9FF6-C411C9DC902B}.Release|x64.Build.0 = Release|x64
		{FB70A974-BF61-4640-93EE-27BD88DC57B8}.Debug|x64.ActiveCfg = Debug|x64
		{FB70A974-BF61-4640-93EE-27BD88DC57B8}.Debug|x64.Build.0 = Debug|x64
		{FB70A974-BF61-4640-93EE-27BD88DC57B8}.Release|x64.ActiveCfg = Release|x64
		{FB70A974-BF61-4640-93EE-27BD88DC57B8}.Release|x64.Build.0 = Release|x64
		{37CE504D-055A-4C15-9C08-A3F477D1C44B}.Debug|x64.ActiveCfg = Debug|x64
		{37CE504D-055A-4C15-9C08-A3F477D1C44B}.Debug|x64.Build.0 = Debug|x64
		{37CE504D-055A-4C15-9C08-A3F477D1C44B}.Release|x64.ActiveCfg = Release|x64
		{37CE504D-055A-4C15-9C08-A3F477D1C44B}.Release|x64.Build.0 = Release|x64
		{A0D5E60B-58D3-4207-8A08-6C3A5B59A7F1}.Debug|x64.ActiveCfg = Debug|x64
		{A0D5E60B-58D3-4207-8A08-6C3A5B59A7F1}.Debug|x64.Build.0 = Debug|x64
		{A0D5E60B-58D3-4207-8A08-6C3A5B59A7F1}.Release|x64.ActiveCfg = Release|x64
		{A0D5E60B-58D3-4207-8A08-6C3A5B59A7F1}.Release|x64.Build.0 = Release|x64
		{CECA9C66-CA0B-4565-8CFF-5343F6878BBD}.Debug|x64.ActiveCfg = Debug|x64
		{CECA9C66-CA0B-4565-8CFF-5343F6878BBD}.Debug|x64.Build.0 = Debug|x64
		{CECA9C66-CA0B-4565-8CFF-5343F6878BBD}.Release|x64.ActiveCfg = Release|x64
		{CECA9C66-CA0B-4565-8CFF-5343F6878BBD}.Release|x64.Build.0 = Release|x64
		{86DFB123-9E12-4351-9A61-C738C11C1C7E}.Debug|x64.ActiveCfg = Debug|x64
		{86DFB123-9E12-4351-9A61-C738C11C1C7E}.Debug|x64.Build.0 = Debug|x64
		{86DFB123-9E12-4351-9A61-C738C11C1C7E}.Release|x64.ActiveCfg = Release|x64
		{86DFB123-9E12-4351-9A61-C738C11C1C7E}.Release|x64.Build.0 = Release|x64
		{3089C6C9-7687-4CB1-B86E-5045CEEF17F9}.Debug|x64.ActiveCfg = Debug|x64
		{3089C6C9-7687-4CB1-B86E-5045CEEF17F9}.Debug|x64.Build.0 = Debug|x64
		{3089C6C9-7687-4CB1-B86E-5045CEEF17F9}.Release|x64.ActiveCfg = Release|x64
		{3089C6C9-7687-4CB1-B86E-5045CEEF17F9}.Release|x64.Build.0 = Release|x64
		{5EA5980B-80C2-4BFC-A014-AD9B63199BDA}.Debug|x64.ActiveCfg = Debug|x64
		{5EA5980B-80C2-4BFC-A014-AD9B63199BDA}.Debug|x64.Build.0 = Debug|x64
		{5EA5980B-80C2-4BFC-A014-AD9B63199BDA}.Release|x64.ActiveCfg = Release|x64
		{5EA5980B-80C2-4BFC-A014-AD9B63199BDA}.Release|x64.Build.0 = Release|x64
		{7583FB20-07E4-43C9-82BC-0366C5A98727}.Debug|x64.ActiveCfg = Debug|x64
		{7583FB20-07E4-43C9-82BC-0366C5A98727}.Debug|x64.Build.0 = Debug|x64
		{7583FB20-07E4-43C9-82BC-0366C5A98727}.Release|x64.ActiveCfg = Release|x64
		{7583FB20-07E4-43C9-82BC-0366C5A98727}.Release|x64.Build.0 = Release|x64
		{988A6BE0-3A9F-4D49-882F-27F8CC46CC5F}.Debug|x64.ActiveCfg = Debug|x64
		{988A6BE0-3A9F-4D49-882F-27F8CC46CC5F}.Debug|x64.Build.0 = Debug|x64
		{988A6BE0-3A9F-4D49-882F-27F8CC46CC5F}.Release|x64.ActiveCfg = Release|x64
		{988A6BE0-3A9F-4D49-882F-27F8CC46CC5F}.Release|x64.Build.0 = Release|x64
		{A1DDBDF6-B2D5-4875-94FC-7138C39424DA}.Debug|x64.ActiveCfg = Debug|x64
		{A1DDBDF6-B2D5-4875-94FC-7138C39424DA}.Debug|x64.Build.0 = Debug|x64
		{A1DDBDF6-B2D5-4875-94FC-7138C39424DA}.Release|x64.ActiveCfg = Release|x64
		{A1DDBDF6-B2D5-4875-94FC-7138C39424DA}.Release|x64.Build.0 = Release|x64
		{0B216B04-55C0-412E-8987-FA8FBD525110}.Debug|x64.ActiveCfg = Debug|x64
		{0B216B04-55C0-412E-8987-FA8FBD525110}.Debug|x64.Build.0 = Debug|x64
		{0B216B04-55C0-412E-8987-FA8FBD525110}.Release|x64.ActiveCfg = Release|x64
		{0B216B04-55C0-412E-8987-FA8FBD525110}.Release|x64.Build.0 = Release|x64
		{29B865D1-AF61-46F6-B0A2-8DFB1ECD6EE4}.Debug|x64.ActiveCfg = Debug|x64
		{29B865D1-AF61-46F6-B0A2-8DFB1ECD6EE4}.Debug|x64.Build.0 = Debug|x64
		{29B865D1-AF61-46F6-B0A2-8DFB1ECD6EE4}.Release|x64.ActiveCfg = Release|x64
		{29B865D1-AF61-46F6-B0A2-8DFB1ECD6EE4}.Release|x64.Build.0 = Release|x64
		{C4BFFBC1-D64E-42D8-A848-BDA617A8D413}.Debug|x64.ActiveCfg = Debug|x64
		{C4BFFBC1-D64E-42D8-A848-BDA617A8D413}.Debug|x64.Build.0 = Debug|x64
		{C4BFFBC1-D64E-42D8-A848-BDA617A8D413}.Release|x64.ActiveCfg = Release|x64
		{C4BFFBC1-D64E-42D8-A848-BDA617A8D413}.Release|x64.Build.0 = Release|x64
		{D8CD194F-510D-4D46-A019-E49B5C969BF3}.Debug|x64.ActiveCfg = Debug|x64
		{D8CD194F-510D-4D46-A019-E49B5C969BF3}.Debug|x64.Build.0 = Debug|x64
		{D8CD194F-510D-4D46-A019-E49B5C969BF3}.Release|x64.ActiveCfg = Release|x64
		{D8CD194F-510D-4D46-A019-E49B5C969BF3}.Release|x64.Build.0 = Release|x64
		{510B8EB1-FADE-4E77-9EB6-C729EC9886CD}.Debug|x64.ActiveCfg = Debug|x64
		{510B8EB1-FADE-4E77-9EB6-C729EC9886CD}.Debug|x64.Build.0 = Debug|x64
		{510B8EB1-FADE-4E77-9EB6-C729EC9886CD}.Release|x64.ActiveCfg = Release|x64
		{510B8EB1-FADE-4E77-9EB6-C729EC9886CD}.Release|x64.Build.0 = Release|x64
		{CF00EF17-35E6-46B9-A2BF-B1283FDFA6E7}.Debug|x64.ActiveCfg = Debug|x64
		{CF00EF17-35E6-46B9-A2BF-B1283FDFA6E7}.Debug|x64.Build.0 = Debug|x64
		{CF00EF17-35E6-46B9-A2BF-B1283FDFA6E7}.Release|x64.ActiveCfg = Release|x64
		{CF00EF17-35E6-46B9-A2BF-B1283FDFA6E7}.Release|x64.Build.0 = Release|x64
		{AAAC8731-5986-494A-AE3F-4C58566EBEA6}.Debug|x64.ActiveCfg = Debug|x64
		{AAAC8731-5986-494A-AE3F-4C58566EBEA6}.Debug|x64.Build.0 = Debug|x64
		{AAAC8731-5986-494A-AE3F-4C58566EBEA6}.Release|x64.ActiveCfg = Release|x64
		{AAAC8731-5986-494A-AE3F-4C58566EBEA6}.Release|x64.Build.0 = Release|x64
		{004FBF10-0F32-4C2B-87F4-C7FEEDBC7461}.Debug|x64.ActiveCfg = Debug|Any CPU
		{004FBF10-0F32-4C2B-87F4-C7FEEDBC7461}.Debug|x64.Build.0 = Debug|Any CPU
		{004FBF10-0F32-4C2B-87F4-C7FEEDBC7461}.Release|x64.ActiveCfg = Debug|Any CPU
		{004FBF10-0F32-4C2B-87F4-C7FEEDBC7461}.Release|x64.Build.0 = Debug|Any CPU
		{0F731806-8293-490C-A6C2-EE843593995C}.Debug|x64.ActiveCfg = Debug|x64
		{0F731806-8293-490C-A6C2-EE843593995C}.Debug|x64.Build.0 = Debug|x64
		{0F731806-8293-490C-A6C2-EE843593995C}.Release|x64.ActiveCfg = Release|x64
		{0F731806-8293-490C-A6C2-EE843593995C}.Release|x64.Build.0 = Release|x64
		{5C26170B-EB96-48C0-B368-4CF8A8C3C03B}.Debug|x64.ActiveCfg = Debug|Any CPU
		{5C26170B-EB96-48C0-B368-4CF8A8C3C03B}.Debug|x64.Build.0 = Debug|Any CPU
		{5C26170B-EB96-48C0-B368-4CF8A8C3C03B}.Release|x64.ActiveCfg = Debug|Any CPU
		{5C26170B-EB96-48C0-B368-4CF8A8C3C03B}.Release|x64.Build.0 = Debug|Any CPU
		{57A1311F-50EF-4161-A3AE-8D3E6DB0D688}.Debug|x64.ActiveCfg = Debug|x64
		{57A1311F-50EF-4161-A3AE-8D3E6DB0D688}.Debug|x64.Build.0 = Debug|x64
		{57A1311F-50EF-4161-A3AE-8D3E6DB0D688}.Release|x64.ActiveCfg = Release|x64
		{57A1311F-50EF-4161-A3AE-8D3E6DB0D688}.Release|x64.Build.0 = Release|x64
	EndGlobalSection
	GlobalSection(SolutionProperties) = preSolution
		HideSolutionNode = FALSE
	EndGlobalSection
	GlobalSection(NestedProjects) = preSolution
		{C4267EBB-742F-4698-833E-4B743CAAD015} = {8DA86378-D5D3-47A3-B946-2C359A80B146}
		{B0EBCB56-0AE1-4E59-B5E6-7CD17D4764C2} = {3B818B04-7D9E-48FF-B226-EC45BA968C4E}
		{FF55DB4B-9A84-42FD-8DBF-B3FBC4AFF9FF} = {3B818B04-7D9E-48FF-B226-EC45BA968C4E}
		{9C7A6205-33D6-4A0A-85FE-459556AFF800} = {3B818B04-7D9E-48FF-B226-EC45BA968C4E}
		{35FA4756-1CFD-40F8-A324-D620AB422590} = {3B818B04-7D9E-48FF-B226-EC45BA968C4E}
		{AC36126F-BF61-4775-9FF6-C411C9DC902B} = {8DA86378-D5D3-47A3-B946-2C359A80B146}
		{FB70A974-BF61-4640-93EE-27BD88DC57B8} = {1E9A49DE-B218-4575-B2B5-5496DE4A2FC8}
		{37CE504D-055A-4C15-9C08-A3F477D1C44B} = {1E9A49DE-B218-4575-B2B5-5496DE4A2FC8}
		{A0D5E60B-58D3-4207-8A08-6C3A5B59A7F1} = {EB519A07-36E4-4699-A0EC-5E3EC43CDF24}
		{CECA9C66-CA0B-4565-8CFF-5343F6878BBD} = {8DA86378-D5D3-47A3-B946-2C359A80B146}
		{86DFB123-9E12-4351-9A61-C738C11C1C7E} = {8DA86378-D5D3-47A3-B946-2C359A80B146}
		{3089C6C9-7687-4CB1-B86E-5045CEEF17F9} = {3B818B04-7D9E-48FF-B226-EC45BA968C4E}
		{5EA5980B-80C2-4BFC-A014-AD9B63199BDA} = {3F80AA75-1F59-41AB-B151-1C32733ECC90}
		{7583FB20-07E4-43C9-82BC-0366C5A98727} = {3F80AA75-1F59-41AB-B151-1C32733ECC90}
		{988A6BE0-3A9F-4D49-882F-27F8CC46CC5F} = {A3B2493C-84C0-4E00-93A8-34DC79409E27}
		{A1DDBDF6-B2D5-4875-94FC-7138C39424DA} = {A3B2493C-84C0-4E00-93A8-34DC79409E27}
		{0B216B04-55C0-412E-8987-FA8FBD525110} = {8DA86378-D5D3-47A3-B946-2C359A80B146}
		{29B865D1-AF61-46F6-B0A2-8DFB1ECD6EE4} = {24F05084-9483-4057-9247-848975E9F004}
		{C4BFFBC1-D64E-42D8-A848-BDA617A8D413} = {24F05084-9483-4057-9247-848975E9F004}
		{D8CD194F-510D-4D46-A019-E49B5C969BF3} = {19674660-15FB-47BD-BBE9-B676EE92D543}
		{510B8EB1-FADE-4E77-9EB6-C729EC9886CD} = {19674660-15FB-47BD-BBE9-B676EE92D543}
		{CF00EF17-35E6-46B9-A2BF-B1283FDFA6E7} = {F409BE46-9616-4C1E-8303-195593D0DEDB}
		{AAAC8731-5986-494A-AE3F-4C58566EBEA6} = {D662A08E-C95E-4531-9A81-5B154552113C}
		{0F731806-8293-490C-A6C2-EE843593995C} = {D662A08E-C95E-4531-9A81-5B154552113C}
	EndGlobalSection
EndGlobal
