
Microsoft Visual Studio Solution File, Format Version 12.00
# Visual Studio 14
VisualStudioVersion = 14.0.23107.0
MinimumVisualStudioVersion = 10.0.40219.1
Project("{FAE04EC0-301F-11D3-BF4B-00C04F79EFBC}") = "DDTLaucher", "DDTLaucher\DDTLaucher.csproj", "{A0D5E60B-58D3-4207-8A08-6C3A5B59A7F1}"
EndProject
Project("{FAE04EC0-301F-11D3-BF4B-00C04F79EFBC}") = "Game.Base", "Game.Base\Game.Base.csproj", "{CECA9C66-CA0B-4565-8CFF-5343F6878BBD}"
EndProject
Project("{8BC9CEB8-8B4A-11D0-8D11-00A0C91BC942}") = "Business", "Business\Business.vcxproj", "{42CC3AAB-C57E-48A1-9EAD-5074BAB54E22}"
EndProject
Project("{FAE04EC0-301F-11D3-BF4B-00C04F79EFBC}") = "SqlDataProvider", "SqlDataProvider\SqlDataProvider.csproj", "{C4267EBB-742F-4698-833E-4B743CAAD015}"
EndProject
Project("{FAE04EC0-301F-11D3-BF4B-00C04F79EFBC}") = "Bussiness", "Bussiness\Bussiness.csproj", "{AC36126F-BF61-4775-9FF6-C411C9DC902B}"
EndProject
Project("{FAE04EC0-301F-11D3-BF4B-00C04F79EFBC}") = "Game.Language", "Game.Language\Game.Language.csproj", "{86DFB123-9E12-4351-9A61-C738C11C1C7E}"
EndProject
Global
	GlobalSection(SolutionConfigurationPlatforms) = preSolution
		Debug|Any CPU = Debug|Any CPU
		Debug|ARM = Debug|ARM
		Debug|x64 = Debug|x64
		Debug|x86 = Debug|x86
		Release|Any CPU = Release|Any CPU
		Release|ARM = Release|ARM
		Release|x64 = Release|x64
		Release|x86 = Release|x86
	EndGlobalSection
	GlobalSection(ProjectConfigurationPlatforms) = postSolution
		{A0D5E60B-58D3-4207-8A08-6C3A5B59A7F1}.Debug|Any CPU.ActiveCfg = Debug|Any CPU
		{A0D5E60B-58D3-4207-8A08-6C3A5B59A7F1}.Debug|Any CPU.Build.0 = Debug|Any CPU
		{A0D5E60B-58D3-4207-8A08-6C3A5B59A7F1}.Debug|ARM.ActiveCfg = Debug|Any CPU
		{A0D5E60B-58D3-4207-8A08-6C3A5B59A7F1}.Debug|ARM.Build.0 = Debug|Any CPU
		{A0D5E60B-58D3-4207-8A08-6C3A5B59A7F1}.Debug|x64.ActiveCfg = Debug|x64
		{A0D5E60B-58D3-4207-8A08-6C3A5B59A7F1}.Debug|x64.Build.0 = Debug|x64
		{A0D5E60B-58D3-4207-8A08-6C3A5B59A7F1}.Debug|x86.ActiveCfg = Debug|Any CPU
		{A0D5E60B-58D3-4207-8A08-6C3A5B59A7F1}.Debug|x86.Build.0 = Debug|Any CPU
		{A0D5E60B-58D3-4207-8A08-6C3A5B59A7F1}.Release|Any CPU.ActiveCfg = Release|Any CPU
		{A0D5E60B-58D3-4207-8A08-6C3A5B59A7F1}.Release|Any CPU.Build.0 = Release|Any CPU
		{A0D5E60B-58D3-4207-8A08-6C3A5B59A7F1}.Release|ARM.ActiveCfg = Release|Any CPU
		{A0D5E60B-58D3-4207-8A08-6C3A5B59A7F1}.Release|ARM.Build.0 = Release|Any CPU
		{A0D5E60B-58D3-4207-8A08-6C3A5B59A7F1}.Release|x64.ActiveCfg = Release|x64
		{A0D5E60B-58D3-4207-8A08-6C3A5B59A7F1}.Release|x64.Build.0 = Release|x64
		{A0D5E60B-58D3-4207-8A08-6C3A5B59A7F1}.Release|x86.ActiveCfg = Release|Any CPU
		{A0D5E60B-58D3-4207-8A08-6C3A5B59A7F1}.Release|x86.Build.0 = Release|Any CPU
		{CECA9C66-CA0B-4565-8CFF-5343F6878BBD}.Debug|Any CPU.ActiveCfg = Debug|Any CPU
		{CECA9C66-CA0B-4565-8CFF-5343F6878BBD}.Debug|Any CPU.Build.0 = Debug|Any CPU
		{CECA9C66-CA0B-4565-8CFF-5343F6878BBD}.Debug|ARM.ActiveCfg = Debug|Any CPU
		{CECA9C66-CA0B-4565-8CFF-5343F6878BBD}.Debug|ARM.Build.0 = Debug|Any CPU
		{CECA9C66-CA0B-4565-8CFF-5343F6878BBD}.Debug|x64.ActiveCfg = Debug|x64
		{CECA9C66-CA0B-4565-8CFF-5343F6878BBD}.Debug|x64.Build.0 = Debug|x64
		{CECA9C66-CA0B-4565-8CFF-5343F6878BBD}.Debug|x86.ActiveCfg = Debug|Any CPU
		{CECA9C66-CA0B-4565-8CFF-5343F6878BBD}.Debug|x86.Build.0 = Debug|Any CPU
		{CECA9C66-CA0B-4565-8CFF-5343F6878BBD}.Release|Any CPU.ActiveCfg = Release|Any CPU
		{CECA9C66-CA0B-4565-8CFF-5343F6878BBD}.Release|Any CPU.Build.0 = Release|Any CPU
		{CECA9C66-CA0B-4565-8CFF-5343F6878BBD}.Release|ARM.ActiveCfg = Release|Any CPU
		{CECA9C66-CA0B-4565-8CFF-5343F6878BBD}.Release|ARM.Build.0 = Release|Any CPU
		{CECA9C66-CA0B-4565-8CFF-5343F6878BBD}.Release|x64.ActiveCfg = Release|x64
		{CECA9C66-CA0B-4565-8CFF-5343F6878BBD}.Release|x64.Build.0 = Release|x64
		{CECA9C66-CA0B-4565-8CFF-5343F6878BBD}.Release|x86.ActiveCfg = Release|Any CPU
		{CECA9C66-CA0B-4565-8CFF-5343F6878BBD}.Release|x86.Build.0 = Release|Any CPU
		{42CC3AAB-C57E-48A1-9EAD-5074BAB54E22}.Debug|Any CPU.ActiveCfg = Debug|Win32
		{42CC3AAB-C57E-48A1-9EAD-5074BAB54E22}.Debug|ARM.ActiveCfg = Debug|Win32
		{42CC3AAB-C57E-48A1-9EAD-5074BAB54E22}.Debug|x64.ActiveCfg = Debug|x64
		{42CC3AAB-C57E-48A1-9EAD-5074BAB54E22}.Debug|x64.Build.0 = Debug|x64
		{42CC3AAB-C57E-48A1-9EAD-5074BAB54E22}.Debug|x86.ActiveCfg = Debug|Win32
		{42CC3AAB-C57E-48A1-9EAD-5074BAB54E22}.Debug|x86.Build.0 = Debug|Win32
		{42CC3AAB-C57E-48A1-9EAD-5074BAB54E22}.Release|Any CPU.ActiveCfg = Release|Win32
		{42CC3AAB-C57E-48A1-9EAD-5074BAB54E22}.Release|ARM.ActiveCfg = Release|Win32
		{42CC3AAB-C57E-48A1-9EAD-5074BAB54E22}.Release|x64.ActiveCfg = Release|x64
		{42CC3AAB-C57E-48A1-9EAD-5074BAB54E22}.Release|x64.Build.0 = Release|x64
		{42CC3AAB-C57E-48A1-9EAD-5074BAB54E22}.Release|x86.ActiveCfg = Release|Win32
		{42CC3AAB-C57E-48A1-9EAD-5074BAB54E22}.Release|x86.Build.0 = Release|Win32
		{C4267EBB-742F-4698-833E-4B743CAAD015}.Debug|Any CPU.ActiveCfg = Debug|Any CPU
		{C4267EBB-742F-4698-833E-4B743CAAD015}.Debug|Any CPU.Build.0 = Debug|Any CPU
		{C4267EBB-742F-4698-833E-4B743CAAD015}.Debug|ARM.ActiveCfg = Debug|Any CPU
		{C4267EBB-742F-4698-833E-4B743CAAD015}.Debug|ARM.Build.0 = Debug|Any CPU
		{C4267EBB-742F-4698-833E-4B743CAAD015}.Debug|x64.ActiveCfg = Debug|x64
		{C4267EBB-742F-4698-833E-4B743CAAD015}.Debug|x64.Build.0 = Debug|x64
		{C4267EBB-742F-4698-833E-4B743CAAD015}.Debug|x86.ActiveCfg = Debug|Any CPU
		{C4267EBB-742F-4698-833E-4B743CAAD015}.Debug|x86.Build.0 = Debug|Any CPU
		{C4267EBB-742F-4698-833E-4B743CAAD015}.Release|Any CPU.ActiveCfg = Release|Any CPU
		{C4267EBB-742F-4698-833E-4B743CAAD015}.Release|Any CPU.Build.0 = Release|Any CPU
		{C4267EBB-742F-4698-833E-4B743CAAD015}.Release|ARM.ActiveCfg = Release|Any CPU
		{C4267EBB-742F-4698-833E-4B743CAAD015}.Release|ARM.Build.0 = Release|Any CPU
		{C4267EBB-742F-4698-833E-4B743CAAD015}.Release|x64.ActiveCfg = Release|x64
		{C4267EBB-742F-4698-833E-4B743CAAD015}.Release|x64.Build.0 = Release|x64
		{C4267EBB-742F-4698-833E-4B743CAAD015}.Release|x86.ActiveCfg = Release|Any CPU
		{C4267EBB-742F-4698-833E-4B743CAAD015}.Release|x86.Build.0 = Release|Any CPU
		{AC36126F-BF61-4775-9FF6-C411C9DC902B}.Debug|Any CPU.ActiveCfg = Debug|Any CPU
		{AC36126F-BF61-4775-9FF6-C411C9DC902B}.Debug|Any CPU.Build.0 = Debug|Any CPU
		{AC36126F-BF61-4775-9FF6-C411C9DC902B}.Debug|ARM.ActiveCfg = Debug|Any CPU
		{AC36126F-BF61-4775-9FF6-C411C9DC902B}.Debug|ARM.Build.0 = Debug|Any CPU
		{AC36126F-BF61-4775-9FF6-C411C9DC902B}.Debug|x64.ActiveCfg = Debug|x64
		{AC36126F-BF61-4775-9FF6-C411C9DC902B}.Debug|x64.Build.0 = Debug|x64
		{AC36126F-BF61-4775-9FF6-C411C9DC902B}.Debug|x86.ActiveCfg = Debug|Any CPU
		{AC36126F-BF61-4775-9FF6-C411C9DC902B}.Debug|x86.Build.0 = Debug|Any CPU
		{AC36126F-BF61-4775-9FF6-C411C9DC902B}.Release|Any CPU.ActiveCfg = Release|Any CPU
		{AC36126F-BF61-4775-9FF6-C411C9DC902B}.Release|Any CPU.Build.0 = Release|Any CPU
		{AC36126F-BF61-4775-9FF6-C411C9DC902B}.Release|ARM.ActiveCfg = Release|Any CPU
		{AC36126F-BF61-4775-9FF6-C411C9DC902B}.Release|ARM.Build.0 = Release|Any CPU
		{AC36126F-BF61-4775-9FF6-C411C9DC902B}.Release|x64.ActiveCfg = Release|x64
		{AC36126F-BF61-4775-9FF6-C411C9DC902B}.Release|x64.Build.0 = Release|x64
		{AC36126F-BF61-4775-9FF6-C411C9DC902B}.Release|x86.ActiveCfg = Release|Any CPU
		{AC36126F-BF61-4775-9FF6-C411C9DC902B}.Release|x86.Build.0 = Release|Any CPU
		{86DFB123-9E12-4351-9A61-C738C11C1C7E}.Debug|Any CPU.ActiveCfg = Debug|Any CPU
		{86DFB123-9E12-4351-9A61-C738C11C1C7E}.Debug|Any CPU.Build.0 = Debug|Any CPU
		{86DFB123-9E12-4351-9A61-C738C11C1C7E}.Debug|ARM.ActiveCfg = Debug|Any CPU
		{86DFB123-9E12-4351-9A61-C738C11C1C7E}.Debug|ARM.Build.0 = Debug|Any CPU
		{86DFB123-9E12-4351-9A61-C738C11C1C7E}.Debug|x64.ActiveCfg = Debug|x64
		{86DFB123-9E12-4351-9A61-C738C11C1C7E}.Debug|x64.Build.0 = Debug|x64
		{86DFB123-9E12-4351-9A61-C738C11C1C7E}.Debug|x86.ActiveCfg = Debug|Any CPU
		{86DFB123-9E12-4351-9A61-C738C11C1C7E}.Debug|x86.Build.0 = Debug|Any CPU
		{86DFB123-9E12-4351-9A61-C738C11C1C7E}.Release|Any CPU.ActiveCfg = Release|Any CPU
		{86DFB123-9E12-4351-9A61-C738C11C1C7E}.Release|Any CPU.Build.0 = Release|Any CPU
		{86DFB123-9E12-4351-9A61-C738C11C1C7E}.Release|ARM.ActiveCfg = Release|Any CPU
		{86DFB123-9E12-4351-9A61-C738C11C1C7E}.Release|ARM.Build.0 = Release|Any CPU
		{86DFB123-9E12-4351-9A61-C738C11C1C7E}.Release|x64.ActiveCfg = Release|x64
		{86DFB123-9E12-4351-9A61-C738C11C1C7E}.Release|x64.Build.0 = Release|x64
		{86DFB123-9E12-4351-9A61-C738C11C1C7E}.Release|x86.ActiveCfg = Release|Any CPU
		{86DFB123-9E12-4351-9A61-C738C11C1C7E}.Release|x86.Build.0 = Release|Any CPU
	EndGlobalSection
	GlobalSection(SolutionProperties) = preSolution
		HideSolutionNode = FALSE
	EndGlobalSection
EndGlobal
